
Microsoft Visual Studio Solution File, Format Version 12.00
# Visual Studio Version 17
VisualStudioVersion = 17.5.002.0
MinimumVisualStudioVersion = 10.0.40219.1
Project("{9A19103F-16F7-4668-BE54-9A1E7A4F7556}") = "JeopardyAPI", "JeopardyAPI.csproj", "{0F571CA0-54B1-41DA-BEFF-E758FA5FF4ED}"
EndProject
Global
	GlobalSection(SolutionConfigurationPlatforms) = preSolution
		Debug|Any CPU = Debug|Any CPU
		Release|Any CPU = Release|Any CPU
	EndGlobalSection
	GlobalSection(ProjectConfigurationPlatforms) = postSolution
		{0F571CA0-54B1-41DA-BEFF-E758FA5FF4ED}.Debug|Any CPU.ActiveCfg = Debug|Any CPU
		{0F571CA0-54B1-41DA-BEFF-E758FA5FF4ED}.Debug|Any CPU.Build.0 = Debug|Any CPU
		{0F571CA0-54B1-41DA-BEFF-E758FA5FF4ED}.Release|Any CPU.ActiveCfg = Release|Any CPU
		{0F571CA0-54B1-41DA-BEFF-E758FA5FF4ED}.Release|Any CPU.Build.0 = Release|Any CPU
	EndGlobalSection
	GlobalSection(SolutionProperties) = preSolution
		HideSolutionNode = FALSE
	EndGlobalSection
	GlobalSection(ExtensibilityGlobals) = postSolution
		SolutionGuid = {9CB70D79-45B6-4776-853C-E65A5F020CF6}
	EndGlobalSection
EndGlobal
